
Microsoft Visual Studio Solution File, Format Version 12.00
# Visual Studio Version 16
VisualStudioVersion = 16.0.29806.167
MinimumVisualStudioVersion = 10.0.40219.1
Project("{FAE04EC0-301F-11D3-BF4B-00C04F79EFBC}") = "HolmiumLinkedList", "HolmiumLinkedList\HolmiumLinkedList.csproj", "{BB3112B9-089A-4EBC-A099-F77025B54993}"
EndProject
Global
	GlobalSection(SolutionConfigurationPlatforms) = preSolution
		Debug|Any CPU = Debug|Any CPU
		Release|Any CPU = Release|Any CPU
	EndGlobalSection
	GlobalSection(ProjectConfigurationPlatforms) = postSolution
		{BB3112B9-089A-4EBC-A099-F77025B54993}.Debug|Any CPU.ActiveCfg = Debug|Any CPU
		{BB3112B9-089A-4EBC-A099-F77025B54993}.Debug|Any CPU.Build.0 = Debug|Any CPU
		{BB3112B9-089A-4EBC-A099-F77025B54993}.Release|Any CPU.ActiveCfg = Release|Any CPU
		{BB3112B9-089A-4EBC-A099-F77025B54993}.Release|Any CPU.Build.0 = Release|Any CPU
	EndGlobalSection
	GlobalSection(SolutionProperties) = preSolution
		HideSolutionNode = FALSE
	EndGlobalSection
	GlobalSection(ExtensibilityGlobals) = postSolution
		SolutionGuid = {5B95F82D-0B2A-485B-B77F-155D95711167}
	EndGlobalSection
EndGlobal
